
Microsoft Visual Studio Solution File, Format Version 12.00
# Visual Studio Version 17
VisualStudioVersion = 17.12.35707.178
MinimumVisualStudioVersion = 10.0.40219.1
Project("{2150E333-8FDC-42A3-9474-1A3956D46DE8}") = "Services", "Services", "{EB535CF4-195F-4A48-BAD0-5695803710B7}"
EndProject
Project("{2150E333-8FDC-42A3-9474-1A3956D46DE8}") = "Catalog", "Catalog", "{806FBFBF-D1DF-4FF1-8EBC-F96CD546A812}"
EndProject
Project("{FAE04EC0-301F-11D3-BF4B-00C04F79EFBC}") = "CatalogApi", "Services\Catalog\CatalogApi\CatalogApi.csproj", "{BD7F3F60-051A-4F64-B924-747AC20BDD67}"
EndProject
Project("{2150E333-8FDC-42A3-9474-1A3956D46DE8}") = "BuildingBlocks", "BuildingBlocks", "{BC827D4B-4259-42CD-A2A6-CE7913BA3462}"
EndProject
Project("{FAE04EC0-301F-11D3-BF4B-00C04F79EFBC}") = "BuildingBlocks", "BuildingBlocks\BuildingBlocks\BuildingBlocks.csproj", "{C89157BA-21D7-451E-BEF9-CC80B1D327FA}"
EndProject
Project("{E53339B2-1760-4266-BCC7-CA923CBCF16C}") = "docker-compose", "docker-compose.dcproj", "{694483B1-82E4-453E-9935-54203122E881}"
EndProject
Global
	GlobalSection(SolutionConfigurationPlatforms) = preSolution
		Debug|Any CPU = Debug|Any CPU
		Release|Any CPU = Release|Any CPU
	EndGlobalSection
	GlobalSection(ProjectConfigurationPlatforms) = postSolution
		{BD7F3F60-051A-4F64-B924-747AC20BDD67}.Debug|Any CPU.ActiveCfg = Debug|Any CPU
		{BD7F3F60-051A-4F64-B924-747AC20BDD67}.Debug|Any CPU.Build.0 = Debug|Any CPU
		{BD7F3F60-051A-4F64-B924-747AC20BDD67}.Release|Any CPU.ActiveCfg = Release|Any CPU
		{BD7F3F60-051A-4F64-B924-747AC20BDD67}.Release|Any CPU.Build.0 = Release|Any CPU
		{C89157BA-21D7-451E-BEF9-CC80B1D327FA}.Debug|Any CPU.ActiveCfg = Debug|Any CPU
		{C89157BA-21D7-451E-BEF9-CC80B1D327FA}.Debug|Any CPU.Build.0 = Debug|Any CPU
		{C89157BA-21D7-451E-BEF9-CC80B1D327FA}.Release|Any CPU.ActiveCfg = Release|Any CPU
		{C89157BA-21D7-451E-BEF9-CC80B1D327FA}.Release|Any CPU.Build.0 = Release|Any CPU
		{694483B1-82E4-453E-9935-54203122E881}.Debug|Any CPU.ActiveCfg = Debug|Any CPU
		{694483B1-82E4-453E-9935-54203122E881}.Debug|Any CPU.Build.0 = Debug|Any CPU
		{694483B1-82E4-453E-9935-54203122E881}.Release|Any CPU.ActiveCfg = Release|Any CPU
		{694483B1-82E4-453E-9935-54203122E881}.Release|Any CPU.Build.0 = Release|Any CPU
	EndGlobalSection
	GlobalSection(SolutionProperties) = preSolution
		HideSolutionNode = FALSE
	EndGlobalSection
	GlobalSection(NestedProjects) = preSolution
		{806FBFBF-D1DF-4FF1-8EBC-F96CD546A812} = {EB535CF4-195F-4A48-BAD0-5695803710B7}
		{BD7F3F60-051A-4F64-B924-747AC20BDD67} = {806FBFBF-D1DF-4FF1-8EBC-F96CD546A812}
		{C89157BA-21D7-451E-BEF9-CC80B1D327FA} = {BC827D4B-4259-42CD-A2A6-CE7913BA3462}
	EndGlobalSection
EndGlobal
